
Microsoft Visual Studio Solution File, Format Version 12.00
# Visual Studio Version 16
VisualStudioVersion = 16.0.30413.136
MinimumVisualStudioVersion = 15.0.26124.0
Project("{2150E333-8FDC-42A3-9474-1A3956D46DE8}") = "src", "src", "{E967E542-2F6E-491B-82CC-E44F7F07D047}"
EndProject
Project("{2150E333-8FDC-42A3-9474-1A3956D46DE8}") = "Core", "Core", "{AF511742-4CB7-4FE1-B4B4-DE24CED6BE68}"
EndProject
Project("{9A19103F-16F7-4668-BE54-9A1E7A4F7556}") = "Api", "src\Core\Api\Api.csproj", "{6134F463-F072-4B18-BADB-A01101FC1C79}"
EndProject
Project("{9A19103F-16F7-4668-BE54-9A1E7A4F7556}") = "Client", "src\Core\Client\Client.csproj", "{778CC222-C499-49E9-BE90-AB358E461EFC}"
EndProject
Project("{9A19103F-16F7-4668-BE54-9A1E7A4F7556}") = "JavaScriptClient", "src\Core\JavaScriptClient\JavaScriptClient.csproj", "{C646A9F2-5560-4D81-8711-5A5F9D1290EB}"
EndProject
Project("{9A19103F-16F7-4668-BE54-9A1E7A4F7556}") = "MVCClient", "src\Core\MVCClient\MVCClient.csproj", "{D7739997-FEB9-4CE0-8611-8DA9A8BE01A8}"
EndProject
Project("{2150E333-8FDC-42A3-9474-1A3956D46DE8}") = "Framework", "Framework", "{89BC99FF-5778-441E-AE43-1C81110B9F62}"
EndProject
Project("{2150E333-8FDC-42A3-9474-1A3956D46DE8}") = "Server", "Server", "{D40907EB-3761-44CC-AC32-0E7D128758C4}"
EndProject
Project("{9A19103F-16F7-4668-BE54-9A1E7A4F7556}") = "IdentityServer4.WsFederation", "src\Server\IdentityServer4.WsFederation\IdentityServer4.WsFederation.csproj", "{747AB582-793B-462C-9E04-C156359171E1}"
EndProject
Project("{9A19103F-16F7-4668-BE54-9A1E7A4F7556}") = "IdentityServer", "src\Server\IdentityServer\IdentityServer.csproj", "{D6DE417B-FE5F-4DFD-827E-F62F3536B9E2}"
EndProject
Project("{FAE04EC0-301F-11D3-BF4B-00C04F79EFBC}") = "MVC OWIN WS-Federation", "src\Framework\MvcOwinWsFederation\MVC OWIN WS-Federation.csproj", "{A40486A5-0BEB-4CB0-9390-4A0D998CE3E1}"
EndProject
Global
	GlobalSection(SolutionConfigurationPlatforms) = preSolution
		Debug|Any CPU = Debug|Any CPU
		Debug|x64 = Debug|x64
		Debug|x86 = Debug|x86
		Release|Any CPU = Release|Any CPU
		Release|x64 = Release|x64
		Release|x86 = Release|x86
	EndGlobalSection
	GlobalSection(ProjectConfigurationPlatforms) = postSolution
		{6134F463-F072-4B18-BADB-A01101FC1C79}.Debug|Any CPU.ActiveCfg = Debug|Any CPU
		{6134F463-F072-4B18-BADB-A01101FC1C79}.Debug|Any CPU.Build.0 = Debug|Any CPU
		{6134F463-F072-4B18-BADB-A01101FC1C79}.Debug|x64.ActiveCfg = Debug|Any CPU
		{6134F463-F072-4B18-BADB-A01101FC1C79}.Debug|x64.Build.0 = Debug|Any CPU
		{6134F463-F072-4B18-BADB-A01101FC1C79}.Debug|x86.ActiveCfg = Debug|Any CPU
		{6134F463-F072-4B18-BADB-A01101FC1C79}.Debug|x86.Build.0 = Debug|Any CPU
		{6134F463-F072-4B18-BADB-A01101FC1C79}.Release|Any CPU.ActiveCfg = Release|Any CPU
		{6134F463-F072-4B18-BADB-A01101FC1C79}.Release|Any CPU.Build.0 = Release|Any CPU
		{6134F463-F072-4B18-BADB-A01101FC1C79}.Release|x64.ActiveCfg = Release|Any CPU
		{6134F463-F072-4B18-BADB-A01101FC1C79}.Release|x64.Build.0 = Release|Any CPU
		{6134F463-F072-4B18-BADB-A01101FC1C79}.Release|x86.ActiveCfg = Release|Any CPU
		{6134F463-F072-4B18-BADB-A01101FC1C79}.Release|x86.Build.0 = Release|Any CPU
		{778CC222-C499-49E9-BE90-AB358E461EFC}.Debug|Any CPU.ActiveCfg = Debug|Any CPU
		{778CC222-C499-49E9-BE90-AB358E461EFC}.Debug|Any CPU.Build.0 = Debug|Any CPU
		{778CC222-C499-49E9-BE90-AB358E461EFC}.Debug|x64.ActiveCfg = Debug|Any CPU
		{778CC222-C499-49E9-BE90-AB358E461EFC}.Debug|x64.Build.0 = Debug|Any CPU
		{778CC222-C499-49E9-BE90-AB358E461EFC}.Debug|x86.ActiveCfg = Debug|Any CPU
		{778CC222-C499-49E9-BE90-AB358E461EFC}.Debug|x86.Build.0 = Debug|Any CPU
		{778CC222-C499-49E9-BE90-AB358E461EFC}.Release|Any CPU.ActiveCfg = Release|Any CPU
		{778CC222-C499-49E9-BE90-AB358E461EFC}.Release|Any CPU.Build.0 = Release|Any CPU
		{778CC222-C499-49E9-BE90-AB358E461EFC}.Release|x64.ActiveCfg = Release|Any CPU
		{778CC222-C499-49E9-BE90-AB358E461EFC}.Release|x64.Build.0 = Release|Any CPU
		{778CC222-C499-49E9-BE90-AB358E461EFC}.Release|x86.ActiveCfg = Release|Any CPU
		{778CC222-C499-49E9-BE90-AB358E461EFC}.Release|x86.Build.0 = Release|Any CPU
		{C646A9F2-5560-4D81-8711-5A5F9D1290EB}.Debug|Any CPU.ActiveCfg = Debug|Any CPU
		{C646A9F2-5560-4D81-8711-5A5F9D1290EB}.Debug|Any CPU.Build.0 = Debug|Any CPU
		{C646A9F2-5560-4D81-8711-5A5F9D1290EB}.Debug|x64.ActiveCfg = Debug|Any CPU
		{C646A9F2-5560-4D81-8711-5A5F9D1290EB}.Debug|x64.Build.0 = Debug|Any CPU
		{C646A9F2-5560-4D81-8711-5A5F9D1290EB}.Debug|x86.ActiveCfg = Debug|Any CPU
		{C646A9F2-5560-4D81-8711-5A5F9D1290EB}.Debug|x86.Build.0 = Debug|Any CPU
		{C646A9F2-5560-4D81-8711-5A5F9D1290EB}.Release|Any CPU.ActiveCfg = Release|Any CPU
		{C646A9F2-5560-4D81-8711-5A5F9D1290EB}.Release|Any CPU.Build.0 = Release|Any CPU
		{C646A9F2-5560-4D81-8711-5A5F9D1290EB}.Release|x64.ActiveCfg = Release|Any CPU
		{C646A9F2-5560-4D81-8711-5A5F9D1290EB}.Release|x64.Build.0 = Release|Any CPU
		{C646A9F2-5560-4D81-8711-5A5F9D1290EB}.Release|x86.ActiveCfg = Release|Any CPU
		{C646A9F2-5560-4D81-8711-5A5F9D1290EB}.Release|x86.Build.0 = Release|Any CPU
		{D7739997-FEB9-4CE0-8611-8DA9A8BE01A8}.Debug|Any CPU.ActiveCfg = Debug|Any CPU
		{D7739997-FEB9-4CE0-8611-8DA9A8BE01A8}.Debug|Any CPU.Build.0 = Debug|Any CPU
		{D7739997-FEB9-4CE0-8611-8DA9A8BE01A8}.Debug|x64.ActiveCfg = Debug|Any CPU
		{D7739997-FEB9-4CE0-8611-8DA9A8BE01A8}.Debug|x64.Build.0 = Debug|Any CPU
		{D7739997-FEB9-4CE0-8611-8DA9A8BE01A8}.Debug|x86.ActiveCfg = Debug|Any CPU
		{D7739997-FEB9-4CE0-8611-8DA9A8BE01A8}.Debug|x86.Build.0 = Debug|Any CPU
		{D7739997-FEB9-4CE0-8611-8DA9A8BE01A8}.Release|Any CPU.ActiveCfg = Release|Any CPU
		{D7739997-FEB9-4CE0-8611-8DA9A8BE01A8}.Release|Any CPU.Build.0 = Release|Any CPU
		{D7739997-FEB9-4CE0-8611-8DA9A8BE01A8}.Release|x64.ActiveCfg = Release|Any CPU
		{D7739997-FEB9-4CE0-8611-8DA9A8BE01A8}.Release|x64.Build.0 = Release|Any CPU
		{D7739997-FEB9-4CE0-8611-8DA9A8BE01A8}.Release|x86.ActiveCfg = Release|Any CPU
		{D7739997-FEB9-4CE0-8611-8DA9A8BE01A8}.Release|x86.Build.0 = Release|Any CPU
		{747AB582-793B-462C-9E04-C156359171E1}.Debug|Any CPU.ActiveCfg = Debug|Any CPU
		{747AB582-793B-462C-9E04-C156359171E1}.Debug|Any CPU.Build.0 = Debug|Any CPU
		{747AB582-793B-462C-9E04-C156359171E1}.Debug|x64.ActiveCfg = Debug|Any CPU
		{747AB582-793B-462C-9E04-C156359171E1}.Debug|x64.Build.0 = Debug|Any CPU
		{747AB582-793B-462C-9E04-C156359171E1}.Debug|x86.ActiveCfg = Debug|Any CPU
		{747AB582-793B-462C-9E04-C156359171E1}.Debug|x86.Build.0 = Debug|Any CPU
		{747AB582-793B-462C-9E04-C156359171E1}.Release|Any CPU.ActiveCfg = Release|Any CPU
		{747AB582-793B-462C-9E04-C156359171E1}.Release|Any CPU.Build.0 = Release|Any CPU
		{747AB582-793B-462C-9E04-C156359171E1}.Release|x64.ActiveCfg = Release|Any CPU
		{747AB582-793B-462C-9E04-C156359171E1}.Release|x64.Build.0 = Release|Any CPU
		{747AB582-793B-462C-9E04-C156359171E1}.Release|x86.ActiveCfg = Release|Any CPU
		{747AB582-793B-462C-9E04-C156359171E1}.Release|x86.Build.0 = Release|Any CPU
		{D6DE417B-FE5F-4DFD-827E-F62F3536B9E2}.Debug|Any CPU.ActiveCfg = Debug|Any CPU
		{D6DE417B-FE5F-4DFD-827E-F62F3536B9E2}.Debug|Any CPU.Build.0 = Debug|Any CPU
		{D6DE417B-FE5F-4DFD-827E-F62F3536B9E2}.Debug|x64.ActiveCfg = Debug|Any CPU
		{D6DE417B-FE5F-4DFD-827E-F62F3536B9E2}.Debug|x64.Build.0 = Debug|Any CPU
		{D6DE417B-FE5F-4DFD-827E-F62F3536B9E2}.Debug|x86.ActiveCfg = Debug|Any CPU
		{D6DE417B-FE5F-4DFD-827E-F62F3536B9E2}.Debug|x86.Build.0 = Debug|Any CPU
		{D6DE417B-FE5F-4DFD-827E-F62F3536B9E2}.Release|Any CPU.ActiveCfg = Release|Any CPU
		{D6DE417B-FE5F-4DFD-827E-F62F3536B9E2}.Release|Any CPU.Build.0 = Release|Any CPU
		{D6DE417B-FE5F-4DFD-827E-F62F3536B9E2}.Release|x64.ActiveCfg = Release|Any CPU
		{D6DE417B-FE5F-4DFD-827E-F62F3536B9E2}.Release|x64.Build.0 = Release|Any CPU
		{D6DE417B-FE5F-4DFD-827E-F62F3536B9E2}.Release|x86.ActiveCfg = Release|Any CPU
		{D6DE417B-FE5F-4DFD-827E-F62F3536B9E2}.Release|x86.Build.0 = Release|Any CPU
		{A40486A5-0BEB-4CB0-9390-4A0D998CE3E1}.Debug|Any CPU.ActiveCfg = Debug|Any CPU
		{A40486A5-0BEB-4CB0-9390-4A0D998CE3E1}.Debug|Any CPU.Build.0 = Debug|Any CPU
		{A40486A5-0BEB-4CB0-9390-4A0D998CE3E1}.Debug|x64.ActiveCfg = Debug|Any CPU
		{A40486A5-0BEB-4CB0-9390-4A0D998CE3E1}.Debug|x64.Build.0 = Debug|Any CPU
		{A40486A5-0BEB-4CB0-9390-4A0D998CE3E1}.Debug|x86.ActiveCfg = Debug|Any CPU
		{A40486A5-0BEB-4CB0-9390-4A0D998CE3E1}.Debug|x86.Build.0 = Debug|Any CPU
		{A40486A5-0BEB-4CB0-9390-4A0D998CE3E1}.Release|Any CPU.ActiveCfg = Release|Any CPU
		{A40486A5-0BEB-4CB0-9390-4A0D998CE3E1}.Release|Any CPU.Build.0 = Release|Any CPU
		{A40486A5-0BEB-4CB0-9390-4A0D998CE3E1}.Release|x64.ActiveCfg = Release|Any CPU
		{A40486A5-0BEB-4CB0-9390-4A0D998CE3E1}.Release|x64.Build.0 = Release|Any CPU
		{A40486A5-0BEB-4CB0-9390-4A0D998CE3E1}.Release|x86.ActiveCfg = Release|Any CPU
		{A40486A5-0BEB-4CB0-9390-4A0D998CE3E1}.Release|x86.Build.0 = Release|Any CPU
	EndGlobalSection
	GlobalSection(SolutionProperties) = preSolution
		HideSolutionNode = FALSE
	EndGlobalSection
	GlobalSection(NestedProjects) = preSolution
		{AF511742-4CB7-4FE1-B4B4-DE24CED6BE68} = {E967E542-2F6E-491B-82CC-E44F7F07D047}
		{6134F463-F072-4B18-BADB-A01101FC1C79} = {AF511742-4CB7-4FE1-B4B4-DE24CED6BE68}
		{778CC222-C499-49E9-BE90-AB358E461EFC} = {AF511742-4CB7-4FE1-B4B4-DE24CED6BE68}
		{C646A9F2-5560-4D81-8711-5A5F9D1290EB} = {AF511742-4CB7-4FE1-B4B4-DE24CED6BE68}
		{D7739997-FEB9-4CE0-8611-8DA9A8BE01A8} = {AF511742-4CB7-4FE1-B4B4-DE24CED6BE68}
		{89BC99FF-5778-441E-AE43-1C81110B9F62} = {E967E542-2F6E-491B-82CC-E44F7F07D047}
		{D40907EB-3761-44CC-AC32-0E7D128758C4} = {E967E542-2F6E-491B-82CC-E44F7F07D047}
		{747AB582-793B-462C-9E04-C156359171E1} = {D40907EB-3761-44CC-AC32-0E7D128758C4}
		{D6DE417B-FE5F-4DFD-827E-F62F3536B9E2} = {D40907EB-3761-44CC-AC32-0E7D128758C4}
		{A40486A5-0BEB-4CB0-9390-4A0D998CE3E1} = {89BC99FF-5778-441E-AE43-1C81110B9F62}
	EndGlobalSection
	GlobalSection(ExtensibilityGlobals) = postSolution
		SolutionGuid = {05BF9DB2-BC21-4B6F-A0C6-C94F6C9925A1}
	EndGlobalSection
EndGlobal
